{
    "_meta": {
        "hash": {
            "sha256": "32a9702a05d81be2a0bc157f52748d91c5674937e3274be4661ae628635d6716"
        },
        "pipfile-spec": 6,
        "requires": {
            "python_version": "3.9"
        },
        "sources": [
            {
                "name": "pypi",
                "url": "https://pypi.org/simple",
                "verify_ssl": true
            }
        ]
    },
    "default": {
        "about-time": {
            "hashes": [
                "sha256:586b329450c9387d1ae8c42d2db4f5b4c57a54508d0f1b7bb00322ffd5ce9f9b",
                "sha256:96841beb3f9b5de1cbb323d2bdb0fa9abdecbc46f2d546b9b3c2483d23daa17a"
            ],
            "version": "==3.1.1"
        },
        "alive-progress": {
            "hashes": [
                "sha256:089757c8197f27ad972ba27e1060f6db92368d83c736884e159034fd74865323",
                "sha256:5503ffca0a0607d5f0d24d3b10a718fe50e375470fa07602b246333eb7ec88ee"
            ],
            "index": "pypi",
            "version": "==2.4.1"
        },
        "black": {
            "hashes": [
                "sha256:14ff67aec0a47c424bc99b71005202045dc09270da44a27848d534600ac64fc7",
                "sha256:197df8509263b0b8614e1df1756b1dd41be6738eed2ba9e9769f3880c2b9d7b6",
                "sha256:1e464456d24e23d11fced2bc8c47ef66d471f845c7b7a42f3bd77bf3d1789650",
                "sha256:2039230db3c6c639bd84efe3292ec7b06e9214a2992cd9beb293d639c6402edb",
                "sha256:21199526696b8f09c3997e2b4db8d0b108d801a348414264d2eb8eb2532e540d",
                "sha256:2644b5d63633702bc2c5f3754b1b475378fbbfb481f62319388235d0cd104c2d",
                "sha256:432247333090c8c5366e69627ccb363bc58514ae3e63f7fc75c54b1ea80fa7de",
                "sha256:444ebfb4e441254e87bad00c661fe32df9969b2bf224373a448d8aca2132b395",
                "sha256:5b9b29da4f564ba8787c119f37d174f2b69cdfdf9015b7d8c5c16121ddc054ae",
                "sha256:5cc42ca67989e9c3cf859e84c2bf014f6633db63d1cbdf8fdb666dcd9e77e3fa",
                "sha256:5d8f74030e67087b219b032aa33a919fae8806d49c867846bfacde57f43972ef",
                "sha256:72ef3925f30e12a184889aac03d77d031056860ccae8a1e519f6cbb742736383",
                "sha256:819dc789f4498ecc91438a7de64427c73b45035e2e3680c92e18795a839ebb66",
                "sha256:915ace4ff03fdfff953962fa672d44be269deb2eaf88499a0f8805221bc68c87",
                "sha256:9311e99228ae10023300ecac05be5a296f60d2fd10fff31cf5c1fa4ca4b1988d",
                "sha256:974308c58d057a651d182208a484ce80a26dac0caef2895836a92dd6ebd725e0",
                "sha256:b8b49776299fece66bffaafe357d929ca9451450f5466e997a7285ab0fe28e3b",
                "sha256:c957b2b4ea88587b46cf49d1dc17681c1e672864fd7af32fc1e9664d572b3458",
                "sha256:e41a86c6c650bcecc6633ee3180d80a025db041a8e2398dcc059b3afa8382cd4",
                "sha256:f513588da599943e0cde4e32cc9879e825d58720d6557062d1098c5ad80080e1",
                "sha256:fba8a281e570adafb79f7755ac8721b6cf1bbf691186a287e990c7929c7692ff"
            ],
            "index": "pypi",
            "version": "==22.10.0"
        },
        "certifi": {
            "hashes": [
                "sha256:0d9c601124e5a6ba9712dbc60d9c53c21e34f5f641fe83002317394311bdce14",
                "sha256:90c1a32f1d68f940488354e36370f6cca89f0f106db09518524c88d6ed83f382"
            ],
            "markers": "python_version >= '3.6'",
            "version": "==2022.9.24"
        },
        "charset-normalizer": {
            "hashes": [
                "sha256:5a3d016c7c547f69d6f81fb0db9449ce888b418b5b9952cc5e6e66843e9dd845",
                "sha256:83e9a75d1911279afd89352c68b45348559d1fc0506b054b346651b5e7fee29f"
            ],
            "markers": "python_full_version >= '3.6.0'",
            "version": "==2.1.1"
        },
        "click": {
            "hashes": [
                "sha256:7682dc8afb30297001674575ea00d1814d808d6a36af415a82bd481d37ba7b8e",
                "sha256:bb4d8133cb15a609f44e8213d9b391b0809795062913b383c62be0ee95b1db48"
            ],
            "markers": "python_version >= '3.7'",
            "version": "==8.1.3"
        },
        "cramjam": {
            "hashes": [
                "sha256:071d6555a869b78e178c4df6df8c67d442cd086b3826bc2eba15e5d5cf980f8a",
                "sha256:0869175288b5b624278386ade5df5b7ccb43978c4ce6e277d8a945ca3104f191",
                "sha256:0b4e3eec8459c8fcafed196ba582eefa129352d9f5593f34006d84f9f4bd6701",
                "sha256:0ff9cd03a88cabb2f88c85b3b606bc0c061c20aad99b823433f193cfc7a741ff",
                "sha256:1825a1751d22f3e01d5f298d0b8198e6e45073814efa03d93992969caa90609c",
                "sha256:18f497b1bf9455476f25e0d0cf80e46a77b8b380bfa0ce528e4c67f87935eab3",
                "sha256:1a5f4eedfe4c926136faf22ed5906ccd34392e72a64f5f59b173004d19c2fb35",
                "sha256:1d5c25ad2b40cc1b7c89160d0c1d157c72049e124cd4aaafa62138e0056e230f",
                "sha256:275750680ed2ba6ec2e6ed9ecef065fb5a038377883440cfe5a1fa24e68e7943",
                "sha256:28024b71fb466d06a5c4cef1ac92b70c7672a55e4b568a594b3c4619f0a1bd2f",
                "sha256:2ee4ca04482c703f520b12e6805382015fccc87e131d5a6c077106578d453754",
                "sha256:32a29fad67c31948e16f1a7570060c6c6532d8d17c0c47ac3cf21f61a7d526b8",
                "sha256:3cfdd2fde4f7e783d62723c5f98c52a029a878ddfe0717b57a2b2edc63e28c4c",
                "sha256:4087fae826d3921e701ee81518b06221c64feeb5babada9a18ea16e9be43db9b",
                "sha256:411bc0204b5c0079a0b12d09a0e7c573e0eb324340c3aa097bf5162d2728979e",
                "sha256:4548216e23c8bce34ab02a38fb1e66317a5e06d4a3cdca911b853547d82a919b",
                "sha256:45cdea6f2173897501de83f0df6e10773de2469e48eaed3f9b3f3790df3a4935",
                "sha256:4774ce3313f098e916e538b88861757c29444edf6ae7a2ef5c48144b042ac7c5",
                "sha256:4d14f3b3f17629d2d5f42bfb9c731cb4c14361de1c3c92396bd40268da08b92d",
                "sha256:5163d23b7b646ca739f90890b0e38f59dd46c362b97c047fb9917266241d202a",
                "sha256:598f2f95c4acd0df5c1ccc52316e4ce2b63963c8abc47321d029b1ec83d8da55",
                "sha256:5e05f3cae08742cbbfc2a76114bcc66d513fbcb3662dddb0143b49a2c808a074",
                "sha256:60128638ee9ba56fdd42737a4ea469fe7d4a504b0f7c7172bab127941ff29604",
                "sha256:62f15b0b3708c82f2eaf956a2777d814968fafc309fb0c479fd710810495d41b",
                "sha256:63068e5d0633a2fe3ca6891835b70d7d5800c74f43b873e160b83516ab34aacf",
                "sha256:64f35fde10bc7ebabcfb77ba9346391a69566fbe31a358e230735cf5e766c7b5",
                "sha256:75cc1ee20fce7827ce4e3cd6b6781b0cb89e58e96ea0517f9ad614137b70cac9",
                "sha256:7b6afcb3a9b877c9865de1db2f9adfbcf36e745789ef9b8095493d35a78d4fda",
                "sha256:810e95969b90d86abe39936e7dd54c9d619bab33b9c93b97d14d61972c7f91d7",
                "sha256:8f3c64941c80b4dc4976236d207853a3402b16a4ec1920801f24c6d3cf04d166",
                "sha256:96f71c03db39b10506033e0a6b1e0c67530fc1dadd363d17052ae1946b022117",
                "sha256:99e0ff0261c400f2d0afbdfbeb7c601624f29e166c2e6c1b63a5b5216ed0ecac",
                "sha256:9c3b0c0984b2a34ed4475a45986fa658c57ac7297125e45c21c879757a437853",
                "sha256:a67779ecd27283e161f23e51c37b1f52bae2ea840ef9b2058e61e08917d574f9",
                "sha256:a9138e39293315e1dda23e4b1af5580d6edd18e3295bffac8dbbee97cbc0f7a8",
                "sha256:a9d9ef4540131c7948ec540f312988987fed83bdf181ff2034b195cf26b65666",
                "sha256:a9fe222b0843f99fe6033cc26c2580c87ceb28aa48fa781101bd0e32e0532559",
                "sha256:abce7ca2112c0b2e36180917a0d9000d261de2f87313b97a9021aa3ce2e44fa5",
                "sha256:b082a967c7467b086a28cfb5bc6ceaa4b4cedcc2661f8b81013507dd5449eb56",
                "sha256:bb12dd2b69ea47a8155f5b79c5ae0eb8f0bae6b05060e9f5e42d464f5df01a22",
                "sha256:c1242dbb3a9c226829dfc0bd8a5965c634c272adb8dd663f8296bb89c24871f6",
                "sha256:c27809c619bce3638eee538fe87343bdee85847f40d6dc32eff1d3921ab68911",
                "sha256:ca8d757dbc12fbfefafc62b19e784a957ef07991edb2416d228c5b86b74fba0c",
                "sha256:cd7397dffc3cdd862d0b12092ecdfc7126c698e2c6ea8b7f7d205a4311fbc189",
                "sha256:d08e45de2ffec3ac1e7a5336fe586b74cd93b70f4b707b71379e96968842f0a6",
                "sha256:d8aad6c2406c1aeecdabeef182388ae4118219a7ddbf7a19e96b7c32cdffe5ee",
                "sha256:da49ace7fb11d539c14dae05a1f7b2f6501ba65588a10b60d08a97a61fcdee1d",
                "sha256:dba6d3c18b2bd7889edd8f41d92faa081811b3bc17d3d6d28e4f73beed7af775",
                "sha256:e14735f7c70bafc4230c7fc766f9e1e96f53372bcc9e914dd6de7dadac5a5751",
                "sha256:e47d35db68a4bfa40a8a426817cb085febf399593c3260962509881e7e0e219f",
                "sha256:e8aca987c59ded7900b621ade1a269c98408da47c9e9ecb61b691afb20f47ad8",
                "sha256:eb0897381ea4a28e92a9e76885715c2f54f7f2b0fbf800bee1848b859acdbb0c",
                "sha256:ec53a92d14b83555f4d74cff3afee1ddbcd194de613c8115c03e0c5e83031cd2",
                "sha256:f30d1398f6ed0043089872cd8c8dff9b9c53dbfe733d70f62ff1416b184e1329",
                "sha256:f51d53010a54e9dedd62d1f5ab84b51ea0e841d54105853d9c91dbd21d8de3b1",
                "sha256:f966f92b598b1721287a0be5f36c4428b44273b36dbe03973c2894d81f6454b5",
                "sha256:faacf3d6cee4ccf5f464a69f33b0a1db8ba7ba4ebe04d23b40bfd06d2e76356a",
                "sha256:fdef874b0b2ccf30d051fa056200176444d0999fc69325fb493346b14930040c"
            ],
            "version": "==2.6.1"
        },
        "fastparquet": {
            "hashes": [
                "sha256:06ff670f6a3f38a8235b7aab881a3c7e6f8cea7bcc8027aea19e6b6d7c3f7606",
                "sha256:0f9859eb90f7c1175406d59cbc7fe663ffbc8fb80673147c2e4a15a662c02e47",
                "sha256:147eab12e0f7ebf4fb8ca0c918503a235f14df9fafff500f90e440f61b6fa9f4",
                "sha256:17412a8827cfd99676b578496afbcf9e8493a712f7aa4745ab42f79274471464",
                "sha256:19b0156d685c7b43b47acc1eea3a8f45e79ee9adefb34082d700478948a86067",
                "sha256:1ec2bb3a2fe08d198b60946c546fcecedbb6a7a2ef7a7bc181950ef1481c3a16",
                "sha256:1f4cd5dd8f71d1e3b066d956ca98f661dcab48c619ae07d7bae640b5aced14fe",
                "sha256:2f9e1bdc8ee867636bc8951f7186e20776da3628cafcf9fb75121c90feb4c5c5",
                "sha256:454e8ec51f36ffae6e3d7814197c44db6e88ce281d2efba22ed516958a422c7e",
                "sha256:462515fc80a2b2f82a7fca50ae2c5b7f4681603029aa253fc2515ed8f5056392",
                "sha256:49264ce3243dc7e61e379eeb7bfd82167be034e4b913748e45d96d4e27f5cb6e",
                "sha256:524d23b2cdf1ab6899059e6db475d71b8c0b5c5602cae87276d7b80fa7a49145",
                "sha256:6cac2266b8255145e16ae236bac7bde3b20c702641f1f883945d3425b55070f9",
                "sha256:7475ed2ee51362ec25214919dbd6f04c387e88b7ad376c5b94470c9d53b20831",
                "sha256:77de53bece91da87f91b763092b8cba326bcb78aee23f437700733d294ea784d",
                "sha256:7acd59b711ea4b49144cb66d819a5fde075dff0e4d1a14f7aae6e168624979fc",
                "sha256:7b4c7430bd648d91d5854445c840ff9bfd02931939122eddd063cc4a5ee3588b",
                "sha256:9c9cbecc9b0333055fa4480568b994263d63f3e0b37cbd2ff11b8f3624e34d26",
                "sha256:a50e2e1e6240487bb1b6d1b98df43245a984b4ebd46f64e1b89fe723627049b8",
                "sha256:b41378b4c5d8a98b4255b08d9e37f6da0e7a932f42ecfb355858e7df628d0864",
                "sha256:b7e0d225992722cd7364b0f6e1ad791e2ce8371847c17ba5a42f531e7b646ef6",
                "sha256:be5beaffe4db11e6b09d413c97b0799b7ad6be71ca86ec32c7648f3f72033adf",
                "sha256:cccba055f227def3052e3a914be02ca8cd8236867abf6ad5a93689348881caa0",
                "sha256:d0d724c56676ba8d1dee4a09a4bac09e7f4ae5a466c5e4b48375980e7dfa1257",
                "sha256:dac03723fd147805f703dd269831d97554dc9f712f99ece48cd22919d320e9d9",
                "sha256:e126a5dfe304689af9c69708f908a9c5312cb55edf64198b3f7dd9110037fd6f"
            ],
            "index": "pypi",
            "version": "==0.8.3"
        },
        "fsspec": {
            "hashes": [
                "sha256:6b7c6ab3b476cdf17efcfeccde7fca28ef5a48f73a71010aaceec5fc15bf9ebf",
                "sha256:cb6092474e90487a51de768170f3afa50ca8982c26150a59072b16433879ff1d"
            ],
            "markers": "python_version >= '3.7'",
            "version": "==2022.10.0"
        },
        "grapheme": {
            "hashes": [
                "sha256:44c2b9f21bbe77cfb05835fec230bd435954275267fea1858013b102f8603cca"
            ],
            "version": "==0.6.0"
        },
        "idna": {
            "hashes": [
                "sha256:814f528e8dead7d329833b91c5faa87d60bf71824cd12a7530b5526063d02cb4",
                "sha256:90b77e79eaa3eba6de819a0c442c0b4ceefc341a7a2ab77d7562bf49f425c5c2"
            ],
            "markers": "python_version >= '3.5'",
            "version": "==3.4"
        },
        "mypy-extensions": {
            "hashes": [
                "sha256:090fedd75945a69ae91ce1303b5824f428daf5a028d2f6ab8a299250a846f15d",
                "sha256:2d82818f5bb3e369420cb3c4060a7970edba416647068eb4c5343488a6c604a8"
            ],
            "version": "==0.4.3"
        },
        "numpy": {
            "hashes": [
                "sha256:0fe563fc8ed9dc4474cbf70742673fc4391d70f4363f917599a7fa99f042d5a8",
                "sha256:12ac457b63ec8ded85d85c1e17d85efd3c2b0967ca39560b307a35a6703a4735",
                "sha256:2341f4ab6dba0834b685cce16dad5f9b6606ea8a00e6da154f5dbded70fdc4dd",
                "sha256:296d17aed51161dbad3c67ed6d164e51fcd18dbcd5dd4f9d0a9c6055dce30810",
                "sha256:488a66cb667359534bc70028d653ba1cf307bae88eab5929cd707c761ff037db",
                "sha256:4d52914c88b4930dafb6c48ba5115a96cbab40f45740239d9f4159c4ba779962",
                "sha256:5e13030f8793e9ee42f9c7d5777465a560eb78fa7e11b1c053427f2ccab90c79",
                "sha256:61be02e3bf810b60ab74e81d6d0d36246dbfb644a462458bb53b595791251911",
                "sha256:7607b598217745cc40f751da38ffd03512d33ec06f3523fb0b5f82e09f6f676d",
                "sha256:7a70a7d3ce4c0e9284e92285cba91a4a3f5214d87ee0e95928f3614a256a1488",
                "sha256:7ab46e4e7ec63c8a5e6dbf5c1b9e1c92ba23a7ebecc86c336cb7bf3bd2fb10e5",
                "sha256:8981d9b5619569899666170c7c9748920f4a5005bf79c72c07d08c8a035757b0",
                "sha256:8c053d7557a8f022ec823196d242464b6955a7e7e5015b719e76003f63f82d0f",
                "sha256:926db372bc4ac1edf81cfb6c59e2a881606b409ddc0d0920b988174b2e2a767f",
                "sha256:95d79ada05005f6f4f337d3bb9de8a7774f259341c70bc88047a1f7b96a4bcb2",
                "sha256:95de7dc7dc47a312f6feddd3da2500826defdccbc41608d0031276a24181a2c0",
                "sha256:a0882323e0ca4245eb0a3d0a74f88ce581cc33aedcfa396e415e5bba7bf05f68",
                "sha256:a8365b942f9c1a7d0f0dc974747d99dd0a0cdfc5949a33119caf05cb314682d3",
                "sha256:a8aae2fb3180940011b4862b2dd3756616841c53db9734b27bb93813cd79fce6",
                "sha256:c237129f0e732885c9a6076a537e974160482eab8f10db6292e92154d4c67d71",
                "sha256:c67b833dbccefe97cdd3f52798d430b9d3430396af7cdb2a0c32954c3ef73894",
                "sha256:ce03305dd694c4873b9429274fd41fc7eb4e0e4dea07e0af97a933b079a5814f",
                "sha256:d331afac87c92373826af83d2b2b435f57b17a5c74e6268b79355b970626e329",
                "sha256:dada341ebb79619fe00a291185bba370c9803b1e1d7051610e01ed809ef3a4ba",
                "sha256:ed2cc92af0efad20198638c69bb0fc2870a58dabfba6eb722c933b48556c686c",
                "sha256:f260da502d7441a45695199b4e7fd8ca87db659ba1c78f2bbf31f934fe76ae0e",
                "sha256:f2f390aa4da44454db40a1f0201401f9036e8d578a25f01a6e237cea238337ef",
                "sha256:f76025acc8e2114bb664294a07ede0727aa75d63a06d2fae96bf29a81747e4a7"
            ],
            "index": "pypi",
            "version": "==1.23.4"
        },
        "packaging": {
            "hashes": [
                "sha256:dd47c42927d89ab911e606518907cc2d3a1f38bbd026385970643f9c5b8ecfeb",
                "sha256:ef103e05f519cdc783ae24ea4e2e0f508a9c99b2d4969652eed6a2e1ea5bd522"
            ],
            "markers": "python_version >= '3.6'",
            "version": "==21.3"
        },
        "pandas": {
            "hashes": [
                "sha256:04e51b01d5192499390c0015630975f57836cc95c7411415b499b599b05c0c96",
                "sha256:05c527c64ee02a47a24031c880ee0ded05af0623163494173204c5b72ddce658",
                "sha256:0a78e05ec09731c5b3bd7a9805927ea631fe6f6cb06f0e7c63191a9a778d52b4",
                "sha256:17da7035d9e6f9ea9cdc3a513161f8739b8f8489d31dc932bc5a29a27243f93d",
                "sha256:249cec5f2a5b22096440bd85c33106b6102e0672204abd2d5c014106459804ee",
                "sha256:2c25e5c16ee5c0feb6cf9d982b869eec94a22ddfda9aa2fbed00842cbb697624",
                "sha256:32e3d9f65606b3f6e76555bfd1d0b68d94aff0929d82010b791b6254bf5a4b96",
                "sha256:36aa1f8f680d7584e9b572c3203b20d22d697c31b71189322f16811d4ecfecd3",
                "sha256:5b0c970e2215572197b42f1cff58a908d734503ea54b326412c70d4692256391",
                "sha256:5cee0c74e93ed4f9d39007e439debcaadc519d7ea5c0afc3d590a3a7b2edf060",
                "sha256:669c8605dba6c798c1863157aefde959c1796671ffb342b80fcb80a4c0bc4c26",
                "sha256:66a1ad667b56e679e06ba73bb88c7309b3f48a4c279bd3afea29f65a766e9036",
                "sha256:683779e5728ac9138406c59a11e09cd98c7d2c12f0a5fc2b9c5eecdbb4a00075",
                "sha256:6bb391659a747cf4f181a227c3e64b6d197100d53da98dcd766cc158bdd9ec68",
                "sha256:81f0674fa50b38b6793cd84fae5d67f58f74c2d974d2cb4e476d26eee33343d0",
                "sha256:927e59c694e039c75d7023465d311277a1fc29ed7236b5746e9dddf180393113",
                "sha256:932d2d7d3cab44cfa275601c982f30c2d874722ef6396bb539e41e4dc4618ed4",
                "sha256:a52419d9ba5906db516109660b114faf791136c94c1a636ed6b29cbfff9187ee",
                "sha256:b156a971bc451c68c9e1f97567c94fd44155f073e3bceb1b0d195fd98ed12048",
                "sha256:bcf1a82b770b8f8c1e495b19a20d8296f875a796c4fe6e91da5ef107f18c5ecb",
                "sha256:cb2a9cf1150302d69bb99861c5cddc9c25aceacb0a4ef5299785d0f5389a3209",
                "sha256:d8c709f4700573deb2036d240d140934df7e852520f4a584b2a8d5443b71f54d",
                "sha256:db45b94885000981522fb92349e6b76f5aee0924cc5315881239c7859883117d",
                "sha256:ddf46b940ef815af4e542697eaf071f0531449407a7607dd731bf23d156e20a7",
                "sha256:e675f8fe9aa6c418dc8d3aac0087b5294c1a4527f1eacf9fe5ea671685285454",
                "sha256:eb7e8cf2cf11a2580088009b43de84cabbf6f5dae94ceb489f28dba01a17cb77",
                "sha256:f340331a3f411910adfb4bbe46c2ed5872d9e473a783d7f14ecf49bc0869c594"
            ],
            "index": "pypi",
            "version": "==1.5.1"
        },
        "pathspec": {
            "hashes": [
                "sha256:46846318467efc4556ccfd27816e004270a9eeeeb4d062ce5e6fc7a87c573f93",
                "sha256:7ace6161b621d31e7902eb6b5ae148d12cfd23f4a249b9ffb6b9fee12084323d"
            ],
            "markers": "python_version >= '3.7'",
            "version": "==0.10.1"
        },
        "platformdirs": {
            "hashes": [
                "sha256:027d8e83a2d7de06bbac4e5ef7e023c02b863d7ea5d079477e722bb41ab25788",
                "sha256:58c8abb07dcb441e6ee4b11d8df0ac856038f944ab98b7be6b27b2a3c7feef19"
            ],
            "markers": "python_version >= '3.7'",
            "version": "==2.5.2"
        },
        "pyarrow": {
            "hashes": [
                "sha256:10e031794d019425d34406edffe7e32157359e9455f9edb97a1732f8dabf802f",
                "sha256:25f51dca780fc22cfd7ac30f6bdfe70eb99145aee9acfda987f2c49955d66ed9",
                "sha256:2d326a9d47ac237d81b8c4337e9d30a0b361835b536fc7ea53991455ce761fbd",
                "sha256:3d2694f08c8d4482d14e3798ff036dbd81ae6b1c47948f52515e1aa90fbec3f0",
                "sha256:4051664d354b14939b5da35cfa77821ade594bc1cf56dd2032b3068c96697d74",
                "sha256:511735040b83f2993f78d7fb615e7b88253d75f41500e87e587c40156ff88120",
                "sha256:65d4a312f3ced318423704355acaccc7f7bdfe242472e59bdd54aa0f8837adf8",
                "sha256:68ccb82c04c0f7abf7a95541d5e9d9d94290fc66a2d36d3f6ea0777f40c15654",
                "sha256:69b8a1fd99201178799b02f18498633847109b701856ec762f314352a431b7d0",
                "sha256:758284e1ebd3f2a9abb30544bfec28d151a398bb7c0f2578cbca5ee5b000364a",
                "sha256:7be7f42f713068293308c989a4a3a2de03b70199bdbe753901c6595ff8640c64",
                "sha256:7ce026274cd5d9934cd3694e89edecde4e036018bbc6cb735fd33b9e967e7d47",
                "sha256:7e6b837cc44cd62a0e280c8fc4de94ebce503d6d1190e6e94157ab49a8bea67b",
                "sha256:b153b05765393557716e3729cf988442b3ae4f5567364ded40d58c07feed27c2",
                "sha256:b3e3148468d3eed3779d68241f1d13ed4ee7cca4c6dbc7c07e5062b93ad4da33",
                "sha256:b45f969ed924282e9d4ede38f3430630d809c36dbff65452cabce03141943d28",
                "sha256:b9f63ceb8346aac0bcb487fafe9faca642ad448ca649fcf66a027c6e120cbc12",
                "sha256:c79300e1a3e23f2bf4defcf0d70ff5ea25ef6ebf6f121d8670ee14bb662bb7ca",
                "sha256:d45a59e2f47826544c0ca70bc0f7ed8ffa5ad23f93b0458230c7e983bcad1acf",
                "sha256:e4c6da9f9e1ff96781ee1478f7cc0860e66c23584887b8e297c4b9905c3c9066",
                "sha256:f329951d56b3b943c353f7b27c894e02367a7efbb9fef7979c6b24e02dbfcf55",
                "sha256:f76157d9579571c865860e5fd004537c03e21139db76692d96fd8a186adab1f2"
            ],
            "index": "pypi",
            "version": "==10.0.0"
        },
        "pyparsing": {
            "hashes": [
                "sha256:2b020ecf7d21b687f219b71ecad3631f644a47f01403fa1d1036b0c6416d70fb",
                "sha256:5026bae9a10eeaefb61dab2f09052b9f4307d44aee4eda64b309723d8d206bbc"
            ],
            "markers": "python_full_version >= '3.6.8'",
            "version": "==3.0.9"
        },
        "python-dateutil": {
            "hashes": [
                "sha256:0123cacc1627ae19ddf3c27a5de5bd67ee4586fbdd6440d9748f8abb483d3e86",
                "sha256:961d03dc3453ebbc59dbdea9e4e11c5651520a876d0f4db161e8674aae935da9"
            ],
            "markers": "python_version >= '2.7' and python_version not in '3.0, 3.1, 3.2, 3.3'",
            "version": "==2.8.2"
        },
        "pytz": {
            "hashes": [
                "sha256:335ab46900b1465e714b4fda4963d87363264eb662aab5e65da039c25f1f5b22",
                "sha256:c4d88f472f54d615e9cd582a5004d1e5f624854a6a27a6211591c251f22a6914"
            ],
            "version": "==2022.5"
        },
        "requests": {
            "hashes": [
                "sha256:7c5599b102feddaa661c826c56ab4fee28bfd17f5abca1ebbe3e7f19d7c97983",
                "sha256:8fefa2a1a1365bf5520aac41836fbee479da67864514bdb821f31ce07ce65349"
            ],
            "markers": "python_version >= '3.7' and python_version < '4'",
            "version": "==2.28.1"
        },
        "scipy": {
            "hashes": [
                "sha256:06d2e1b4c491dc7d8eacea139a1b0b295f74e1a1a0f704c375028f8320d16e31",
                "sha256:0d54222d7a3ba6022fdf5773931b5d7c56efe41ede7f7128c7b1637700409108",
                "sha256:1884b66a54887e21addf9c16fb588720a8309a57b2e258ae1c7986d4444d3bc0",
                "sha256:1a72d885fa44247f92743fc20732ae55564ff2a519e8302fb7e18717c5355a8b",
                "sha256:2318bef588acc7a574f5bfdff9c172d0b1bf2c8143d9582e05f878e580a3781e",
                "sha256:4db5b30849606a95dcf519763dd3ab6fe9bd91df49eba517359e450a7d80ce2e",
                "sha256:545c83ffb518094d8c9d83cce216c0c32f8c04aaf28b92cc8283eda0685162d5",
                "sha256:5a04cd7d0d3eff6ea4719371cbc44df31411862b9646db617c99718ff68d4840",
                "sha256:5b88e6d91ad9d59478fafe92a7c757d00c59e3bdc3331be8ada76a4f8d683f58",
                "sha256:68239b6aa6f9c593da8be1509a05cb7f9efe98b80f43a5861cd24c7557e98523",
                "sha256:83b89e9586c62e787f5012e8475fbb12185bafb996a03257e9675cd73d3736dd",
                "sha256:83c06e62a390a9167da60bedd4575a14c1f58ca9dfde59830fc42e5197283dab",
                "sha256:90453d2b93ea82a9f434e4e1cba043e779ff67b92f7a0e85d05d286a3625df3c",
                "sha256:abaf921531b5aeaafced90157db505e10345e45038c39e5d9b6c7922d68085cb",
                "sha256:b41bc822679ad1c9a5f023bc93f6d0543129ca0f37c1ce294dd9d386f0a21096",
                "sha256:c68db6b290cbd4049012990d7fe71a2abd9ffbe82c0056ebe0f01df8be5436b0",
                "sha256:cff3a5295234037e39500d35316a4c5794739433528310e117b8a9a0c76d20fc",
                "sha256:d01e1dd7b15bd2449c8bfc6b7cc67d630700ed655654f0dfcf121600bad205c9",
                "sha256:d644a64e174c16cb4b2e41dfea6af722053e83d066da7343f333a54dae9bc31c",
                "sha256:da8245491d73ed0a994ed9c2e380fd058ce2fa8a18da204681f2fe1f57f98f95",
                "sha256:fbc5c05c85c1a02be77b1ff591087c83bc44579c6d2bd9fb798bb64ea5e1a027"
            ],
            "markers": "python_version >= '3.8'",
            "version": "==1.9.3"
        },
        "six": {
            "hashes": [
                "sha256:1e61c37477a1626458e36f7b1d82aa5c9b094fa4802892072e49de9c60c4c926",
                "sha256:8abb2f1d86890a2dfb989f9a77cfcfd3e47c2a354b01111771326f8aa26e0254"
            ],
            "markers": "python_version >= '2.7' and python_version not in '3.0, 3.1, 3.2, 3.3'",
            "version": "==1.16.0"
        },
        "slider": {
            "hashes": [
                "sha256:c65c5257414d7683eef14b96cc58867772c59e4b28ecd8127075c5e95256ed29",
                "sha256:e83e03efe27519cdf8fb682e39320eb668152f9cafcb74ce88eb2e3c5cc5d336"
            ],
            "index": "pypi",
            "version": "==0.6.0"
        },
        "tomli": {
            "hashes": [
                "sha256:939de3e7a6161af0c887ef91b7d41a53e7c5a1ca976325f429cb46ea9bc30ecc",
                "sha256:de526c12914f0c550d15924c62d72abc48d6fe7364aa87328337a31007fe8a4f"
            ],
            "markers": "python_full_version < '3.11.0a7'",
            "version": "==2.0.1"
        },
        "typing-extensions": {
            "hashes": [
                "sha256:1511434bb92bf8dd198c12b1cc812e800d4181cfcb867674e0f8279cc93087aa",
                "sha256:16fa4864408f655d35ec496218b85f79b3437c829e93320c7c9215ccfd92489e"
            ],
            "markers": "python_version < '3.10'",
            "version": "==4.4.0"
        },
        "urllib3": {
            "hashes": [
                "sha256:3fa96cf423e6987997fc326ae8df396db2a8b7c667747d47ddd8ecba91f4a74e",
                "sha256:b930dd878d5a8afb066a637fbb35144fe7901e3b209d1cd4f524bd0e9deee997"
            ],
            "markers": "python_version >= '2.7' and python_version not in '3.0, 3.1, 3.2, 3.3, 3.4, 3.5' and python_version < '4'",
            "version": "==1.26.12"
        }
    },
    "develop": {}
}
